// !$*UTF8*$!
{
	archiveVersion = 1;
	classes = {
	};
	objectVersion = 55;
	objects = {

/* Begin PBXBuildFile section */
		4A0E9512280D7A5800FED03A /* AppDelegate.swift in Sources */ = {isa = PBXBuildFile; fileRef = 4A0E9511280D7A5800FED03A /* AppDelegate.swift */; };
		4A0E9514280D7A5800FED03A /* SceneDelegate.swift in Sources */ = {isa = PBXBuildFile; fileRef = 4A0E9513280D7A5800FED03A /* SceneDelegate.swift */; };
		4A0E9516280D7A5800FED03A /* ViewController.swift in Sources */ = {isa = PBXBuildFile; fileRef = 4A0E9515280D7A5800FED03A /* ViewController.swift */; };
		4A0E9519280D7A5800FED03A /* Main.storyboard in Resources */ = {isa = PBXBuildFile; fileRef = 4A0E9517280D7A5800FED03A /* Main.storyboard */; };
		4A0E951B280D7A5A00FED03A /* Assets.xcassets in Resources */ = {isa = PBXBuildFile; fileRef = 4A0E951A280D7A5A00FED03A /* Assets.xcassets */; };
		4A0E951E280D7A5A00FED03A /* LaunchScreen.storyboard in Resources */ = {isa = PBXBuildFile; fileRef = 4A0E951C280D7A5A00FED03A /* LaunchScreen.storyboard */; };
		4A0E9529280D7A5B00FED03A /* NeoAstra_TaskTests.swift in Sources */ = {isa = PBXBuildFile; fileRef = 4A0E9528280D7A5B00FED03A /* NeoAstra_TaskTests.swift */; };
		4A0E9533280D7A5B00FED03A /* NeoAstra_TaskUITests.swift in Sources */ = {isa = PBXBuildFile; fileRef = 4A0E9532280D7A5B00FED03A /* NeoAstra_TaskUITests.swift */; };
		4A0E9535280D7A5B00FED03A /* NeoAstra_TaskUITestsLaunchTests.swift in Sources */ = {isa = PBXBuildFile; fileRef = 4A0E9534280D7A5B00FED03A /* NeoAstra_TaskUITestsLaunchTests.swift */; };
/* End PBXBuildFile section */

/* Begin PBXContainerItemProxy section */
		4A0E9525280D7A5B00FED03A /* PBXContainerItemProxy */ = {
			isa = PBXContainerItemProxy;
			containerPortal = 4A0E9506280D7A5800FED03A /* Project object */;
			proxyType = 1;
			remoteGlobalIDString = 4A0E950D280D7A5800FED03A;
			remoteInfo = "NeoAstra Task";
		};
		4A0E952F280D7A5B00FED03A /* PBXContainerItemProxy */ = {
			isa = PBXContainerItemProxy;
			containerPortal = 4A0E9506280D7A5800FED03A /* Project object */;
			proxyType = 1;
			remoteGlobalIDString = 4A0E950D280D7A5800FED03A;
			remoteInfo = "NeoAstra Task";
		};
/* End PBXContainerItemProxy section */

/* Begin PBXFileReference section */
		4A0E950E280D7A5800FED03A /* NeoAstra Task.app */ = {isa = PBXFileReference; explicitFileType = wrapper.application; includeInIndex = 0; path = "NeoAstra Task.app"; sourceTree = BUILT_PRODUCTS_DIR; };
		4A0E9511280D7A5800FED03A /* AppDelegate.swift */ = {isa = PBXFileReference; lastKnownFileType = sourcecode.swift; path = AppDelegate.swift; sourceTree = "<group>"; };
		4A0E9513280D7A5800FED03A /* SceneDelegate.swift */ = {isa = PBXFileReference; lastKnownFileType = sourcecode.swift; path = SceneDelegate.swift; sourceTree = "<group>"; };
		4A0E9515280D7A5800FED03A /* ViewController.swift */ = {isa = PBXFileReference; lastKnownFileType = sourcecode.swift; path = ViewController.swift; sourceTree = "<group>"; };
		4A0E9518280D7A5800FED03A /* Base */ = {isa = PBXFileReference; lastKnownFileType = file.storyboard; name = Base; path = Base.lproj/Main.storyboard; sourceTree = "<group>"; };
		4A0E951A280D7A5A00FED03A /* Assets.xcassets */ = {isa = PBXFileReference; lastKnownFileType = folder.assetcatalog; path = Assets.xcassets; sourceTree = "<group>"; };
		4A0E951D280D7A5A00FED03A /* Base */ = {isa = PBXFileReference; lastKnownFileType = file.storyboard; name = Base; path = Base.lproj/LaunchScreen.storyboard; sourceTree = "<group>"; };
		4A0E951F280D7A5A00FED03A /* Info.plist */ = {isa = PBXFileReference; lastKnownFileType = text.plist.xml; path = Info.plist; sourceTree = "<group>"; };
		4A0E9524280D7A5B00FED03A /* NeoAstra TaskTests.xctest */ = {isa = PBXFileReference; explicitFileType = wrapper.cfbundle; includeInIndex = 0; path = "NeoAstra TaskTests.xctest"; sourceTree = BUILT_PRODUCTS_DIR; };
		4A0E9528280D7A5B00FED03A /* NeoAstra_TaskTests.swift */ = {isa = PBXFileReference; lastKnownFileType = sourcecode.swift; path = NeoAstra_TaskTests.swift; sourceTree = "<group>"; };
		4A0E952E280D7A5B00FED03A /* NeoAstra TaskUITests.xctest */ = {isa = PBXFileReference; explicitFileType = wrapper.cfbundle; includeInIndex = 0; path = "NeoAstra TaskUITests.xctest"; sourceTree = BUILT_PRODUCTS_DIR; };
		4A0E9532280D7A5B00FED03A /* NeoAstra_TaskUITests.swift */ = {isa = PBXFileReference; lastKnownFileType = sourcecode.swift; path = NeoAstra_TaskUITests.swift; sourceTree = "<group>"; };
		4A0E9534280D7A5B00FED03A /* NeoAstra_TaskUITestsLaunchTests.swift */ = {isa = PBXFileReference; lastKnownFileType = sourcecode.swift; path = NeoAstra_TaskUITestsLaunchTests.swift; sourceTree = "<group>"; };
/* End PBXFileReference section */

/* Begin PBXFrameworksBuildPhase section */
		4A0E950B280D7A5800FED03A /* Frameworks */ = {
			isa = PBXFrameworksBuildPhase;
			buildActionMask = 2147483647;
			files = (
			);
			runOnlyForDeploymentPostprocessing = 0;
		};
		4A0E9521280D7A5B00FED03A /* Frameworks */ = {
			isa = PBXFrameworksBuildPhase;
			buildActionMask = 2147483647;
			files = (
			);
			runOnlyForDeploymentPostprocessing = 0;
		};
		4A0E952B280D7A5B00FED03A /* Frameworks */ = {
			isa = PBXFrameworksBuildPhase;
			buildActionMask = 2147483647;
			files = (
			);
			runOnlyForDeploymentPostprocessing = 0;
		};
/* End PBXFrameworksBuildPhase section */

/* Begin PBXGroup section */
		4A0E9505280D7A5800FED03A = {
			isa = PBXGroup;
			children = (
				4A0E9510280D7A5800FED03A /* NeoAstra Task */,
				4A0E9527280D7A5B00FED03A /* NeoAstra TaskTests */,
				4A0E9531280D7A5B00FED03A /* NeoAstra TaskUITests */,
				4A0E950F280D7A5800FED03A /* Products */,
			);
			sourceTree = "<group>";
		};
		4A0E950F280D7A5800FED03A /* Products */ = {
			isa = PBXGroup;
			children = (
				4A0E950E280D7A5800FED03A /* NeoAstra Task.app */,
				4A0E9524280D7A5B00FED03A /* NeoAstra TaskTests.xctest */,
				4A0E952E280D7A5B00FED03A /* NeoAstra TaskUITests.xctest */,
			);
			name = Products;
			sourceTree = "<group>";
		};
		4A0E9510280D7A5800FED03A /* NeoAstra Task */ = {
			isa = PBXGroup;
			children = (
				4A0E9511280D7A5800FED03A /* AppDelegate.swift */,
				4A0E9513280D7A5800FED03A /* SceneDelegate.swift */,
				4A0E9515280D7A5800FED03A /* ViewController.swift */,
				4A0E9517280D7A5800FED03A /* Main.storyboard */,
				4A0E951A280D7A5A00FED03A /* Assets.xcassets */,
				4A0E951C280D7A5A00FED03A /* LaunchScreen.storyboard */,
				4A0E951F280D7A5A00FED03A /* Info.plist */,
			);
			path = "NeoAstra Task";
			sourceTree = "<group>";
		};
		4A0E9527280D7A5B00FED03A /* NeoAstra TaskTests */ = {
			isa = PBXGroup;
			children = (
				4A0E9528280D7A5B00FED03A /* NeoAstra_TaskTests.swift */,
			);
			path = "NeoAstra TaskTests";
			sourceTree = "<group>";
		};
		4A0E9531280D7A5B00FED03A /* NeoAstra TaskUITests */ = {
			isa = PBXGroup;
			children = (
				4A0E9532280D7A5B00FED03A /* NeoAstra_TaskUITests.swift */,
				4A0E9534280D7A5B00FED03A /* NeoAstra_TaskUITestsLaunchTests.swift */,
			);
			path = "NeoAstra TaskUITests";
			sourceTree = "<group>";
		};
/* End PBXGroup section */

/* Begin PBXNativeTarget section */
		4A0E950D280D7A5800FED03A /* NeoAstra Task */ = {
			isa = PBXNativeTarget;
			buildConfigurationList = 4A0E9538280D7A5B00FED03A /* Build configuration list for PBXNativeTarget "NeoAstra Task" */;
			buildPhases = (
				4A0E950A280D7A5800FED03A /* Sources */,
				4A0E950B280D7A5800FED03A /* Frameworks */,
				4A0E950C280D7A5800FED03A /* Resources */,
			);
			buildRules = (
			);
			dependencies = (
			);
			name = "NeoAstra Task";
			productName = "NeoAstra Task";
			productReference = 4A0E950E280D7A5800FED03A /* NeoAstra Task.app */;
			productType = "com.apple.product-type.application";
		};
		4A0E9523280D7A5B00FED03A /* NeoAstra TaskTests */ = {
			isa = PBXNativeTarget;
			buildConfigurationList = 4A0E953B280D7A5B00FED03A /* Build configuration list for PBXNativeTarget "NeoAstra TaskTests" */;
			buildPhases = (
				4A0E9520280D7A5B00FED03A /* Sources */,
				4A0E9521280D7A5B00FED03A /* Frameworks */,
				4A0E9522280D7A5B00FED03A /* Resources */,
			);
			buildRules = (
			);
			dependencies = (
				4A0E9526280D7A5B00FED03A /* PBXTargetDependency */,
			);
			name = "NeoAstra TaskTests";
			productName = "NeoAstra TaskTests";
			productReference = 4A0E9524280D7A5B00FED03A /* NeoAstra TaskTests.xctest */;
			productType = "com.apple.product-type.bundle.unit-test";
		};
		4A0E952D280D7A5B00FED03A /* NeoAstra TaskUITests */ = {
			isa = PBXNativeTarget;
			buildConfigurationList = 4A0E953E280D7A5B00FED03A /* Build configuration list for PBXNativeTarget "NeoAstra TaskUITests" */;
			buildPhases = (
				4A0E952A280D7A5B00FED03A /* Sources */,
				4A0E952B280D7A5B00FED03A /* Frameworks */,
				4A0E952C280D7A5B00FED03A /* Resources */,
			);
			buildRules = (
			);
			dependencies = (
				4A0E9530280D7A5B00FED03A /* PBXTargetDependency */,
			);
			name = "NeoAstra TaskUITests";
			productName = "NeoAstra TaskUITests";
			productReference = 4A0E952E280D7A5B00FED03A /* NeoAstra TaskUITests.xctest */;
			productType = "com.apple.product-type.bundle.ui-testing";
		};
/* End PBXNativeTarget section */

/* Begin PBXProject section */
		4A0E9506280D7A5800FED03A /* Project object */ = {
			isa = PBXProject;
			attributes = {
				BuildIndependentTargetsInParallel = 1;
				LastSwiftUpdateCheck = 1330;
				LastUpgradeCheck = 1330;
				TargetAttributes = {
					4A0E950D280D7A5800FED03A = {
						CreatedOnToolsVersion = 13.3.1;
					};
					4A0E9523280D7A5B00FED03A = {
						CreatedOnToolsVersion = 13.3.1;
						TestTargetID = 4A0E950D280D7A5800FED03A;
					};
					4A0E952D280D7A5B00FED03A = {
						CreatedOnToolsVersion = 13.3.1;
						TestTargetID = 4A0E950D280D7A5800FED03A;
					};
				};
			};
			buildConfigurationList = 4A0E9509280D7A5800FED03A /* Build configuration list for PBXProject "NeoAstra Task" */;
			compatibilityVersion = "Xcode 13.0";
			developmentRegion = en;
			hasScannedForEncodings = 0;
			knownRegions = (
				en,
				Base,
			);
			mainGroup = 4A0E9505280D7A5800FED03A;
			productRefGroup = 4A0E950F280D7A5800FED03A /* Products */;
			projectDirPath = "";
			projectRoot = "";
			targets = (
				4A0E950D280D7A5800FED03A /* NeoAstra Task */,
				4A0E9523280D7A5B00FED03A /* NeoAstra TaskTests */,
				4A0E952D280D7A5B00FED03A /* NeoAstra TaskUITests */,
			);
		};
/* End PBXProject section */

/* Begin PBXResourcesBuildPhase section */
		4A0E950C280D7A5800FED03A /* Resources */ = {
			isa = PBXResourcesBuildPhase;
			buildActionMask = 2147483647;
			files = (
				4A0E951E280D7A5A00FED03A /* LaunchScreen.storyboard in Resources */,
				4A0E951B280D7A5A00FED03A /* Assets.xcassets in Resources */,
				4A0E9519280D7A5800FED03A /* Main.storyboard in Resources */,
			);
			runOnlyForDeploymentPostprocessing = 0;
		};
		4A0E9522280D7A5B00FED03A /* Resources */ = {
			isa = PBXResourcesBuildPhase;
			buildActionMask = 2147483647;
			files = (
			);
			runOnlyForDeploymentPostprocessing = 0;
		};
		4A0E952C280D7A5B00FED03A /* Resources */ = {
			isa = PBXResourcesBuildPhase;
			buildActionMask = 2147483647;
			files = (
			);
			runOnlyForDeploymentPostprocessing = 0;
		};
/* End PBXResourcesBuildPhase section */

/* Begin PBXSourcesBuildPhase section */
		4A0E950A280D7A5800FED03A /* Sources */ = {
			isa = PBXSourcesBuildPhase;
			buildActionMask = 2147483647;
			files = (
				4A0E9516280D7A5800FED03A /* ViewController.swift in Sources */,
				4A0E9512280D7A5800FED03A /* AppDelegate.swift in Sources */,
				4A0E9514280D7A5800FED03A /* SceneDelegate.swift in Sources */,
			);
			runOnlyForDeploymentPostprocessing = 0;
		};
		4A0E9520280D7A5B00FED03A /* Sources */ = {
			isa = PBXSourcesBuildPhase;
			buildActionMask = 2147483647;
			files = (
				4A0E9529280D7A5B00FED03A /* NeoAstra_TaskTests.swift in Sources */,
			);
			runOnlyForDeploymentPostprocessing = 0;
		};
		4A0E952A280D7A5B00FED03A /* Sources */ = {
			isa = PBXSourcesBuildPhase;
			buildActionMask = 2147483647;
			files = (
				4A0E9535280D7A5B00FED03A /* NeoAstra_TaskUITestsLaunchTests.swift in Sources */,
				4A0E9533280D7A5B00FED03A /* NeoAstra_TaskUITests.swift in Sources */,
			);
			runOnlyForDeploymentPostprocessing = 0;
		};
/* End PBXSourcesBuildPhase section */

/* Begin PBXTargetDependency section */
		4A0E9526280D7A5B00FED03A /* PBXTargetDependency */ = {
			isa = PBXTargetDependency;
			target = 4A0E950D280D7A5800FED03A /* NeoAstra Task */;
			targetProxy = 4A0E9525280D7A5B00FED03A /* PBXContainerItemProxy */;
		};
		4A0E9530280D7A5B00FED03A /* PBXTargetDependency */ = {
			isa = PBXTargetDependency;
			target = 4A0E950D280D7A5800FED03A /* NeoAstra Task */;
			targetProxy = 4A0E952F280D7A5B00FED03A /* PBXContainerItemProxy */;
		};
/* End PBXTargetDependency section */

/* Begin PBXVariantGroup section */
		4A0E9517280D7A5800FED03A /* Main.storyboard */ = {
			isa = PBXVariantGroup;
			children = (
				4A0E9518280D7A5800FED03A /* Base */,
			);
			name = Main.storyboard;
			sourceTree = "<group>";
		};
		4A0E951C280D7A5A00FED03A /* LaunchScreen.storyboard */ = {
			isa = PBXVariantGroup;
			children = (
				4A0E951D280D7A5A00FED03A /* Base */,
			);
			name = LaunchScreen.storyboard;
			sourceTree = "<group>";
		};
/* End PBXVariantGroup section */

/* Begin XCBuildConfiguration section */
		4A0E9536280D7A5B00FED03A /* Debug */ = {
			isa = XCBuildConfiguration;
			buildSettings = {
				ALWAYS_SEARCH_USER_PATHS = NO;
				CLANG_ANALYZER_NONNULL = YES;
				CLANG_ANALYZER_NUMBER_OBJECT_CONVERSION = YES_AGGRESSIVE;
				CLANG_CXX_LANGUAGE_STANDARD = "gnu++17";
				CLANG_ENABLE_MODULES = YES;
				CLANG_ENABLE_OBJC_ARC = YES;
				CLANG_ENABLE_OBJC_WEAK = YES;
				CLANG_WARN_BLOCK_CAPTURE_AUTORELEASING = YES;
				CLANG_WARN_BOOL_CONVERSION = YES;
				CLANG_WARN_COMMA = YES;
				CLANG_WARN_CONSTANT_CONVERSION = YES;
				CLANG_WARN_DEPRECATED_OBJC_IMPLEMENTATIONS = YES;
				CLANG_WARN_DIRECT_OBJC_ISA_USAGE = YES_ERROR;
				CLANG_WARN_DOCUMENTATION_COMMENTS = YES;
				CLANG_WARN_EMPTY_BODY = YES;
				CLANG_WARN_ENUM_CONVERSION = YES;
				CLANG_WARN_INFINITE_RECURSION = YES;
				CLANG_WARN_INT_CONVERSION = YES;
				CLANG_WARN_NON_LITERAL_NULL_CONVERSION = YES;
				CLANG_WARN_OBJC_IMPLICIT_RETAIN_SELF = YES;
				CLANG_WARN_OBJC_LITERAL_CONVERSION = YES;
				CLANG_WARN_OBJC_ROOT_CLASS = YES_ERROR;
				CLANG_WARN_QUOTED_INCLUDE_IN_FRAMEWORK_HEADER = YES;
				CLANG_WARN_RANGE_LOOP_ANALYSIS = YES;
				CLANG_WARN_STRICT_PROTOTYPES = YES;
				CLANG_WARN_SUSPICIOUS_MOVE = YES;
				CLANG_WARN_UNGUARDED_AVAILABILITY = YES_AGGRESSIVE;
				CLANG_WARN_UNREACHABLE_CODE = YES;
				CLANG_WARN__DUPLICATE_METHOD_MATCH = YES;
				COPY_PHASE_STRIP = NO;
				DEBUG_INFORMATION_FORMAT = dwarf;
				ENABLE_STRICT_OBJC_MSGSEND = YES;
				ENABLE_TESTABILITY = YES;
				GCC_C_LANGUAGE_STANDARD = gnu11;
				GCC_DYNAMIC_NO_PIC = NO;
				GCC_NO_COMMON_BLOCKS = YES;
				GCC_OPTIMIZATION_LEVEL = 0;
				GCC_PREPROCESSOR_DEFINITIONS = (
					"DEBUG=1",
					"$(inherited)",
				);
				GCC_WARN_64_TO_32_BIT_CONVERSION = YES;
				GCC_WARN_ABOUT_RETURN_TYPE = YES_ERROR;
				GCC_WARN_UNDECLARED_SELECTOR = YES;
				GCC_WARN_UNINITIALIZED_AUTOS = YES_AGGRESSIVE;
				GCC_WARN_UNUSED_FUNCTION = YES;
				GCC_WARN_UNUSED_VARIABLE = YES;
				IPHONEOS_DEPLOYMENT_TARGET = 15.4;
				MTL_ENABLE_DEBUG_INFO = INCLUDE_SOURCE;
				MTL_FAST_MATH = YES;
				ONLY_ACTIVE_ARCH = YES;
				SDKROOT = iphoneos;
				SWIFT_ACTIVE_COMPILATION_CONDITIONS = DEBUG;
				SWIFT_OPTIMIZATION_LEVEL = "-Onone";
			};
			name = Debug;
		};
		4A0E9537280D7A5B00FED03A /* Release */ = {
			isa = XCBuildConfiguration;
			buildSettings = {
				ALWAYS_SEARCH_USER_PATHS = NO;
				CLANG_ANALYZER_NONNULL = YES;
				CLANG_ANALYZER_NUMBER_OBJECT_CONVERSION = YES_AGGRESSIVE;
				CLANG_CXX_LANGUAGE_STANDARD = "gnu++17";
				CLANG_ENABLE_MODULES = YES;
				CLANG_ENABLE_OBJC_ARC = YES;
				CLANG_ENABLE_OBJC_WEAK = YES;
				CLANG_WARN_BLOCK_CAPTURE_AUTORELEASING = YES;
				CLANG_WARN_BOOL_CONVERSION = YES;
				CLANG_WARN_COMMA = YES;
				CLANG_WARN_CONSTANT_CONVERSION = YES;
				CLANG_WARN_DEPRECATED_OBJC_IMPLEMENTATIONS = YES;
				CLANG_WARN_DIRECT_OBJC_ISA_USAGE = YES_ERROR;
				CLANG_WARN_DOCUMENTATION_COMMENTS = YES;
				CLANG_WARN_EMPTY_BODY = YES;
				CLANG_WARN_ENUM_CONVERSION = YES;
				CLANG_WARN_INFINITE_RECURSION = YES;
				CLANG_WARN_INT_CONVERSION = YES;
				CLANG_WARN_NON_LITERAL_NULL_CONVERSION = YES;
				CLANG_WARN_OBJC_IMPLICIT_RETAIN_SELF = YES;
				CLANG_WARN_OBJC_LITERAL_CONVERSION = YES;
				CLANG_WARN_OBJC_ROOT_CLASS = YES_ERROR;
				CLANG_WARN_QUOTED_INCLUDE_IN_FRAMEWORK_HEADER = YES;
				CLANG_WARN_RANGE_LOOP_ANALYSIS = YES;
				CLANG_WARN_STRICT_PROTOTYPES = YES;
				CLANG_WARN_SUSPICIOUS_MOVE = YES;
				CLANG_WARN_UNGUARDED_AVAILABILITY = YES_AGGRESSIVE;
				CLANG_WARN_UNREACHABLE_CODE = YES;
				CLANG_WARN__DUPLICATE_METHOD_MATCH = YES;
				COPY_PHASE_STRIP = NO;
				DEBUG_INFORMATION_FORMAT = "dwarf-with-dsym";
				ENABLE_NS_ASSERTIONS = NO;
				ENABLE_STRICT_OBJC_MSGSEND = YES;
				GCC_C_LANGUAGE_STANDARD = gnu11;
				GCC_NO_COMMON_BLOCKS = YES;
				GCC_WARN_64_TO_32_BIT_CONVERSION = YES;
				GCC_WARN_ABOUT_RETURN_TYPE = YES_ERROR;
				GCC_WARN_UNDECLARED_SELECTOR = YES;
				GCC_WARN_UNINITIALIZED_AUTOS = YES_AGGRESSIVE;
				GCC_WARN_UNUSED_FUNCTION = YES;
				GCC_WARN_UNUSED_VARIABLE = YES;
				IPHONEOS_DEPLOYMENT_TARGET = 15.4;
				MTL_ENABLE_DEBUG_INFO = NO;
				MTL_FAST_MATH = YES;
				SDKROOT = iphoneos;
				SWIFT_COMPILATION_MODE = wholemodule;
				SWIFT_OPTIMIZATION_LEVEL = "-O";
				VALIDATE_PRODUCT = YES;
			};
			name = Release;
		};
		4A0E9539280D7A5B00FED03A /* Debug */ = {
			isa = XCBuildConfiguration;
			buildSettings = {
				ASSETCATALOG_COMPILER_APPICON_NAME = AppIcon;
				ASSETCATALOG_COMPILER_GLOBAL_ACCENT_COLOR_NAME = AccentColor;
				CODE_SIGN_STYLE = Automatic;
				CURRENT_PROJECT_VERSION = 1;
				DEVELOPMENT_TEAM = T7EAQCZW32;
				GENERATE_INFOPLIST_FILE = YES;
				INFOPLIST_FILE = "NeoAstra Task/Info.plist";
				INFOPLIST_KEY_UIApplicationSupportsIndirectInputEvents = YES;
				INFOPLIST_KEY_UILaunchStoryboardName = LaunchScreen;
				INFOPLIST_KEY_UIMainStoryboardFile = Main;
				INFOPLIST_KEY_UISupportedInterfaceOrientations_iPad = "UIInterfaceOrientationPortrait UIInterfaceOrientationPortraitUpsideDown UIInterfaceOrientationLandscapeLeft UIInterfaceOrientationLandscapeRight";
				INFOPLIST_KEY_UISupportedInterfaceOrientations_iPhone = "UIInterfaceOrientationPortrait UIInterfaceOrientationLandscapeLeft UIInterfaceOrientationLandscapeRight";
				LD_RUNPATH_SEARCH_PATHS = (
					"$(inherited)",
					"@executable_path/Frameworks",
				);
				MARKETING_VERSION = 1.0;
				PRODUCT_BUNDLE_IDENTIFIER = "com.esignquick.ios.NeoAstra-Task";
				PRODUCT_NAME = "$(TARGET_NAME)";
				SWIFT_EMIT_LOC_STRINGS = YES;
				SWIFT_VERSION = 5.0;
				TARGETED_DEVICE_FAMILY = "1,2";
			};
			name = Debug;
		};
		4A0E953A280D7A5B00FED03A /* Release */ = {
			isa = XCBuildConfiguration;
			buildSettings = {
				ASSETCATALOG_COMPILER_APPICON_NAME = AppIcon;
				ASSETCATALOG_COMPILER_GLOBAL_ACCENT_COLOR_NAME = AccentColor;
				CODE_SIGN_STYLE = Automatic;
				CURRENT_PROJECT_VERSION = 1;
				DEVELOPMENT_TEAM = T7EAQCZW32;
				GENERATE_INFOPLIST_FILE = YES;
				INFOPLIST_FILE = "NeoAstra Task/Info.plist";
				INFOPLIST_KEY_UIApplicationSupportsIndirectInputEvents = YES;
				INFOPLIST_KEY_UILaunchStoryboardName = LaunchScreen;
				INFOPLIST_KEY_UIMainStoryboardFile = Main;
				INFOPLIST_KEY_UISupportedInterfaceOrientations_iPad = "UIInterfaceOrientationPortrait UIInterfaceOrientationPortraitUpsideDown UIInterfaceOrientationLandscapeLeft UIInterfaceOrientationLandscapeRight";
				INFOPLIST_KEY_UISupportedInterfaceOrientations_iPhone = "UIInterfaceOrientationPortrait UIInterfaceOrientationLandscapeLeft UIInterfaceOrientationLandscapeRight";
				LD_RUNPATH_SEARCH_PATHS = (
					"$(inherited)",
					"@executable_path/Frameworks",
				);
				MARKETING_VERSION = 1.0;
				PRODUCT_BUNDLE_IDENTIFIER = "com.esignquick.ios.NeoAstra-Task";
				PRODUCT_NAME = "$(TARGET_NAME)";
				SWIFT_EMIT_LOC_STRINGS = YES;
				SWIFT_VERSION = 5.0;
				TARGETED_DEVICE_FAMILY = "1,2";
			};
			name = Release;
		};
		4A0E953C280D7A5B00FED03A /* Debug */ = {
			isa = XCBuildConfiguration;
			buildSettings = {
				ALWAYS_EMBED_SWIFT_STANDARD_LIBRARIES = YES;
				BUNDLE_LOADER = "$(TEST_HOST)";
				CODE_SIGN_STYLE = Automatic;
				CURRENT_PROJECT_VERSION = 1;
				DEVELOPMENT_TEAM = T7EAQCZW32;
				GENERATE_INFOPLIST_FILE = YES;
				IPHONEOS_DEPLOYMENT_TARGET = 15.4;
				MARKETING_VERSION = 1.0;
				PRODUCT_BUNDLE_IDENTIFIER = "com.esignquick.ios.NeoAstra-TaskTests";
				PRODUCT_NAME = "$(TARGET_NAME)";
				SWIFT_EMIT_LOC_STRINGS = NO;
				SWIFT_VERSION = 5.0;
				TARGETED_DEVICE_FAMILY = "1,2";
				TEST_HOST = "$(BUILT_PRODUCTS_DIR)/NeoAstra Task.app/NeoAstra Task";
			};
			name = Debug;
		};
		4A0E953D280D7A5B00FED03A /* Release */ = {
			isa = XCBuildConfiguration;
			buildSettings = {
				ALWAYS_EMBED_SWIFT_STANDARD_LIBRARIES = YES;
				BUNDLE_LOADER = "$(TEST_HOST)";
				CODE_SIGN_STYLE = Automatic;
				CURRENT_PROJECT_VERSION = 1;
				DEVELOPMENT_TEAM = T7EAQCZW32;
				GENERATE_INFOPLIST_FILE = YES;
				IPHONEOS_DEPLOYMENT_TARGET = 15.4;
				MARKETING_VERSION = 1.0;
				PRODUCT_BUNDLE_IDENTIFIER = "com.esignquick.ios.NeoAstra-TaskTests";
				PRODUCT_NAME = "$(TARGET_NAME)";
				SWIFT_EMIT_LOC_STRINGS = NO;
				SWIFT_VERSION = 5.0;
				TARGETED_DEVICE_FAMILY = "1,2";
				TEST_HOST = "$(BUILT_PRODUCTS_DIR)/NeoAstra Task.app/NeoAstra Task";
			};
			name = Release;
		};
		4A0E953F280D7A5B00FED03A /* Debug */ = {
			isa = XCBuildConfiguration;
			buildSettings = {
				ALWAYS_EMBED_SWIFT_STANDARD_LIBRARIES = YES;
				CODE_SIGN_STYLE = Automatic;
				CURRENT_PROJECT_VERSION = 1;
				DEVELOPMENT_TEAM = T7EAQCZW32;
				GENERATE_INFOPLIST_FILE = YES;
				MARKETING_VERSION = 1.0;
				PRODUCT_BUNDLE_IDENTIFIER = "com.esignquick.ios.NeoAstra-TaskUITests";
				PRODUCT_NAME = "$(TARGET_NAME)";
				SWIFT_EMIT_LOC_STRINGS = NO;
				SWIFT_VERSION = 5.0;
				TARGETED_DEVICE_FAMILY = "1,2";
				TEST_TARGET_NAME = "NeoAstra Task";
			};
			name = Debug;
		};
		4A0E9540280D7A5B00FED03A /* Release */ = {
			isa = XCBuildConfiguration;
			buildSettings = {
				ALWAYS_EMBED_SWIFT_STANDARD_LIBRARIES = YES;
				CODE_SIGN_STYLE = Automatic;
				CURRENT_PROJECT_VERSION = 1;
				DEVELOPMENT_TEAM = T7EAQCZW32;
				GENERATE_INFOPLIST_FILE = YES;
				MARKETING_VERSION = 1.0;
				PRODUCT_BUNDLE_IDENTIFIER = "com.esignquick.ios.NeoAstra-TaskUITests";
				PRODUCT_NAME = "$(TARGET_NAME)";
				SWIFT_EMIT_LOC_STRINGS = NO;
				SWIFT_VERSION = 5.0;
				TARGETED_DEVICE_FAMILY = "1,2";
				TEST_TARGET_NAME = "NeoAstra Task";
			};
			name = Release;
		};
/* End XCBuildConfiguration section */

/* Begin XCConfigurationList section */
		4A0E9509280D7A5800FED03A /* Build configuration list for PBXProject "NeoAstra Task" */ = {
			isa = XCConfigurationList;
			buildConfigurations = (
				4A0E9536280D7A5B00FED03A /* Debug */,
				4A0E9537280D7A5B00FED03A /* Release */,
			);
			defaultConfigurationIsVisible = 0;
			defaultConfigurationName = Release;
		};
		4A0E9538280D7A5B00FED03A /* Build configuration list for PBXNativeTarget "NeoAstra Task" */ = {
			isa = XCConfigurationList;
			buildConfigurations = (
				4A0E9539280D7A5B00FED03A /* Debug */,
				4A0E953A280D7A5B00FED03A /* Release */,
			);
			defaultConfigurationIsVisible = 0;
			defaultConfigurationName = Release;
		};
		4A0E953B280D7A5B00FED03A /* Build configuration list for PBXNativeTarget "NeoAstra TaskTests" */ = {
			isa = XCConfigurationList;
			buildConfigurations = (
				4A0E953C280D7A5B00FED03A /* Debug */,
				4A0E953D280D7A5B00FED03A /* Release */,
			);
			defaultConfigurationIsVisible = 0;
			defaultConfigurationName = Release;
		};
		4A0E953E280D7A5B00FED03A /* Build configuration list for PBXNativeTarget "NeoAstra TaskUITests" */ = {
			isa = XCConfigurationList;
			buildConfigurations = (
				4A0E953F280D7A5B00FED03A /* Debug */,
				4A0E9540280D7A5B00FED03A /* Release */,
			);
			defaultConfigurationIsVisible = 0;
			defaultConfigurationName = Release;
		};
/* End XCConfigurationList section */
	};
	rootObject = 4A0E9506280D7A5800FED03A /* Project object */;
}
